// !$*UTF8*$!
{
	archiveVersion = 1;
	classes = {
	};
	objectVersion = 46;
	objects = {

/* Begin PBXBuildFile section */
		DA8F9CC71DE5C92D0050A1EE /* main.m in Sources */ = {isa = PBXBuildFile; fileRef = DA8F9CC61DE5C92D0050A1EE /* main.m */; };
		DA8F9CCA1DE5C92D0050A1EE /* AppDelegate.m in Sources */ = {isa = PBXBuildFile; fileRef = DA8F9CC91DE5C92D0050A1EE /* AppDelegate.m */; };
		DA8F9CCD1DE5C92D0050A1EE /* ViewController.m in Sources */ = {isa = PBXBuildFile; fileRef = DA8F9CCC1DE5C92D0050A1EE /* ViewController.m */; };
		DA8F9CD01DE5C92D0050A1EE /* Main.storyboard in Resources */ = {isa = PBXBuildFile; fileRef = DA8F9CCE1DE5C92D0050A1EE /* Main.storyboard */; };
		DA8F9CD21DE5C92D0050A1EE /* Assets.xcassets in Resources */ = {isa = PBXBuildFile; fileRef = DA8F9CD11DE5C92D0050A1EE /* Assets.xcassets */; };
		DA8F9CD51DE5C92D0050A1EE /* LaunchScreen.storyboard in Resources */ = {isa = PBXBuildFile; fileRef = DA8F9CD31DE5C92D0050A1EE /* LaunchScreen.storyboard */; };
		DAB48B521E30D02800CF7F6C /* CDZImagePickerActionsCell.m in Sources */ = {isa = PBXBuildFile; fileRef = DAB48B451E30D02800CF7F6C /* CDZImagePickerActionsCell.m */; };
		DAB48B531E30D02800CF7F6C /* CDZImagePickerActionsDataSource.m in Sources */ = {isa = PBXBuildFile; fileRef = DAB48B471E30D02800CF7F6C /* CDZImagePickerActionsDataSource.m */; };
		DAB48B541E30D02800CF7F6C /* CDZImagePickerActionsItem.m in Sources */ = {isa = PBXBuildFile; fileRef = DAB48B491E30D02800CF7F6C /* CDZImagePickerActionsItem.m */; };
		DAB48B551E30D02800CF7F6C /* CDZImagePickerPhotosCell.m in Sources */ = {isa = PBXBuildFile; fileRef = DAB48B4D1E30D02800CF7F6C /* CDZImagePickerPhotosCell.m */; };
		DAB48B561E30D02800CF7F6C /* CDZImagePickerPhotosDataSource.m in Sources */ = {isa = PBXBuildFile; fileRef = DAB48B4F1E30D02800CF7F6C /* CDZImagePickerPhotosDataSource.m */; };
		DAB48B571E30D02800CF7F6C /* CDZImagePickerViewController.m in Sources */ = {isa = PBXBuildFile; fileRef = DAB48B511E30D02800CF7F6C /* CDZImagePickerViewController.m */; };
/* End PBXBuildFile section */

/* Begin PBXFileReference section */
		DA8F9CC21DE5C92D0050A1EE /* CDZImagePickerDemo.app */ = {isa = PBXFileReference; explicitFileType = wrapper.application; includeInIndex = 0; path = CDZImagePickerDemo.app; sourceTree = BUILT_PRODUCTS_DIR; };
		DA8F9CC61DE5C92D0050A1EE /* main.m */ = {isa = PBXFileReference; lastKnownFileType = sourcecode.c.objc; path = main.m; sourceTree = "<group>"; };
		DA8F9CC81DE5C92D0050A1EE /* AppDelegate.h */ = {isa = PBXFileReference; lastKnownFileType = sourcecode.c.h; path = AppDelegate.h; sourceTree = "<group>"; };
		DA8F9CC91DE5C92D0050A1EE /* AppDelegate.m */ = {isa = PBXFileReference; lastKnownFileType = sourcecode.c.objc; path = AppDelegate.m; sourceTree = "<group>"; };
		DA8F9CCB1DE5C92D0050A1EE /* ViewController.h */ = {isa = PBXFileReference; lastKnownFileType = sourcecode.c.h; path = ViewController.h; sourceTree = "<group>"; };
		DA8F9CCC1DE5C92D0050A1EE /* ViewController.m */ = {isa = PBXFileReference; lastKnownFileType = sourcecode.c.objc; path = ViewController.m; sourceTree = "<group>"; };
		DA8F9CCF1DE5C92D0050A1EE /* Base */ = {isa = PBXFileReference; lastKnownFileType = file.storyboard; name = Base; path = Base.lproj/Main.storyboard; sourceTree = "<group>"; };
		DA8F9CD11DE5C92D0050A1EE /* Assets.xcassets */ = {isa = PBXFileReference; lastKnownFileType = folder.assetcatalog; path = Assets.xcassets; sourceTree = "<group>"; };
		DA8F9CD41DE5C92D0050A1EE /* Base */ = {isa = PBXFileReference; lastKnownFileType = file.storyboard; name = Base; path = Base.lproj/LaunchScreen.storyboard; sourceTree = "<group>"; };
		DA8F9CD61DE5C92D0050A1EE /* Info.plist */ = {isa = PBXFileReference; lastKnownFileType = text.plist.xml; path = Info.plist; sourceTree = "<group>"; };
		DAB48B441E30D02800CF7F6C /* CDZImagePickerActionsCell.h */ = {isa = PBXFileReference; fileEncoding = 4; lastKnownFileType = sourcecode.c.h; path = CDZImagePickerActionsCell.h; sourceTree = "<group>"; };
		DAB48B451E30D02800CF7F6C /* CDZImagePickerActionsCell.m */ = {isa = PBXFileReference; fileEncoding = 4; lastKnownFileType = sourcecode.c.objc; path = CDZImagePickerActionsCell.m; sourceTree = "<group>"; };
		DAB48B461E30D02800CF7F6C /* CDZImagePickerActionsDataSource.h */ = {isa = PBXFileReference; fileEncoding = 4; lastKnownFileType = sourcecode.c.h; path = CDZImagePickerActionsDataSource.h; sourceTree = "<group>"; };
		DAB48B471E30D02800CF7F6C /* CDZImagePickerActionsDataSource.m */ = {isa = PBXFileReference; fileEncoding = 4; lastKnownFileType = sourcecode.c.objc; path = CDZImagePickerActionsDataSource.m; sourceTree = "<group>"; };
		DAB48B481E30D02800CF7F6C /* CDZImagePickerActionsItem.h */ = {isa = PBXFileReference; fileEncoding = 4; lastKnownFileType = sourcecode.c.h; path = CDZImagePickerActionsItem.h; sourceTree = "<group>"; };
		DAB48B491E30D02800CF7F6C /* CDZImagePickerActionsItem.m */ = {isa = PBXFileReference; fileEncoding = 4; lastKnownFileType = sourcecode.c.objc; path = CDZImagePickerActionsItem.m; sourceTree = "<group>"; };
		DAB48B4A1E30D02800CF7F6C /* CDZImagePickerConstant.h */ = {isa = PBXFileReference; fileEncoding = 4; lastKnownFileType = sourcecode.c.h; path = CDZImagePickerConstant.h; sourceTree = "<group>"; };
		DAB48B4C1E30D02800CF7F6C /* CDZImagePickerPhotosCell.h */ = {isa = PBXFileReference; fileEncoding = 4; lastKnownFileType = sourcecode.c.h; path = CDZImagePickerPhotosCell.h; sourceTree = "<group>"; };
		DAB48B4D1E30D02800CF7F6C /* CDZImagePickerPhotosCell.m */ = {isa = PBXFileReference; fileEncoding = 4; lastKnownFileType = sourcecode.c.objc; path = CDZImagePickerPhotosCell.m; sourceTree = "<group>"; };
		DAB48B4E1E30D02800CF7F6C /* CDZImagePickerPhotosDataSource.h */ = {isa = PBXFileReference; fileEncoding = 4; lastKnownFileType = sourcecode.c.h; path = CDZImagePickerPhotosDataSource.h; sourceTree = "<group>"; };
		DAB48B4F1E30D02800CF7F6C /* CDZImagePickerPhotosDataSource.m */ = {isa = PBXFileReference; fileEncoding = 4; lastKnownFileType = sourcecode.c.objc; path = CDZImagePickerPhotosDataSource.m; sourceTree = "<group>"; };
		DAB48B501E30D02800CF7F6C /* CDZImagePickerViewController.h */ = {isa = PBXFileReference; fileEncoding = 4; lastKnownFileType = sourcecode.c.h; path = CDZImagePickerViewController.h; sourceTree = "<group>"; };
		DAB48B511E30D02800CF7F6C /* CDZImagePickerViewController.m */ = {isa = PBXFileReference; fileEncoding = 4; lastKnownFileType = sourcecode.c.objc; path = CDZImagePickerViewController.m; sourceTree = "<group>"; };
/* End PBXFileReference section */

/* Begin PBXFrameworksBuildPhase section */
		DA8F9CBF1DE5C92D0050A1EE /* Frameworks */ = {
			isa = PBXFrameworksBuildPhase;
			buildActionMask = 2147483647;
			files = (
			);
			runOnlyForDeploymentPostprocessing = 0;
		};
/* End PBXFrameworksBuildPhase section */

/* Begin PBXGroup section */
		DA8F9CB91DE5C92D0050A1EE = {
			isa = PBXGroup;
			children = (
				DAB48B341E30C80A00CF7F6C /* CDZImagePickerDemo */,
				DA8F9CC31DE5C92D0050A1EE /* Products */,
			);
			sourceTree = "<group>";
		};
		DA8F9CC31DE5C92D0050A1EE /* Products */ = {
			isa = PBXGroup;
			children = (
				DA8F9CC21DE5C92D0050A1EE /* CDZImagePickerDemo.app */,
			);
			name = Products;
			sourceTree = "<group>";
		};
		DA8F9CC51DE5C92D0050A1EE /* Supporting Files */ = {
			isa = PBXGroup;
			children = (
				DA8F9CC61DE5C92D0050A1EE /* main.m */,
			);
			name = "Supporting Files";
			sourceTree = "<group>";
		};
		DAB48B341E30C80A00CF7F6C /* CDZImagePickerDemo */ = {
			isa = PBXGroup;
			children = (
				DAB48B421E30D02800CF7F6C /* CDZImagePicker */,
				DA8F9CC81DE5C92D0050A1EE /* AppDelegate.h */,
				DA8F9CC91DE5C92D0050A1EE /* AppDelegate.m */,
				DA8F9CCB1DE5C92D0050A1EE /* ViewController.h */,
				DA8F9CCC1DE5C92D0050A1EE /* ViewController.m */,
				DA8F9CCE1DE5C92D0050A1EE /* Main.storyboard */,
				DA8F9CD11DE5C92D0050A1EE /* Assets.xcassets */,
				DA8F9CD31DE5C92D0050A1EE /* LaunchScreen.storyboard */,
				DA8F9CD61DE5C92D0050A1EE /* Info.plist */,
				DA8F9CC51DE5C92D0050A1EE /* Supporting Files */,
			);
			path = CDZImagePickerDemo;
			sourceTree = "<group>";
		};
		DAB48B421E30D02800CF7F6C /* CDZImagePicker */ = {
			isa = PBXGroup;
			children = (
				DAB48B431E30D02800CF7F6C /* CDZImagePickerActionsView */,
				DAB48B4A1E30D02800CF7F6C /* CDZImagePickerConstant.h */,
				DAB48B4B1E30D02800CF7F6C /* CDZImagePickerPhotosView */,
				DAB48B501E30D02800CF7F6C /* CDZImagePickerViewController.h */,
				DAB48B511E30D02800CF7F6C /* CDZImagePickerViewController.m */,
			);
			path = CDZImagePicker;
			sourceTree = "<group>";
		};
		DAB48B431E30D02800CF7F6C /* CDZImagePickerActionsView */ = {
			isa = PBXGroup;
			children = (
				DAB48B441E30D02800CF7F6C /* CDZImagePickerActionsCell.h */,
				DAB48B451E30D02800CF7F6C /* CDZImagePickerActionsCell.m */,
				DAB48B461E30D02800CF7F6C /* CDZImagePickerActionsDataSource.h */,
				DAB48B471E30D02800CF7F6C /* CDZImagePickerActionsDataSource.m */,
				DAB48B481E30D02800CF7F6C /* CDZImagePickerActionsItem.h */,
				DAB48B491E30D02800CF7F6C /* CDZImagePickerActionsItem.m */,
			);
			path = CDZImagePickerActionsView;
			sourceTree = "<group>";
		};
		DAB48B4B1E30D02800CF7F6C /* CDZImagePickerPhotosView */ = {
			isa = PBXGroup;
			children = (
				DAB48B4C1E30D02800CF7F6C /* CDZImagePickerPhotosCell.h */,
				DAB48B4D1E30D02800CF7F6C /* CDZImagePickerPhotosCell.m */,
				DAB48B4E1E30D02800CF7F6C /* CDZImagePickerPhotosDataSource.h */,
				DAB48B4F1E30D02800CF7F6C /* CDZImagePickerPhotosDataSource.m */,
			);
			path = CDZImagePickerPhotosView;
			sourceTree = "<group>";
		};
/* End PBXGroup section */

/* Begin PBXNativeTarget section */
		DA8F9CC11DE5C92D0050A1EE /* CDZImagePickerDemo */ = {
			isa = PBXNativeTarget;
			buildConfigurationList = DA8F9CD91DE5C92D0050A1EE /* Build configuration list for PBXNativeTarget "CDZImagePickerDemo" */;
			buildPhases = (
				DA8F9CBE1DE5C92D0050A1EE /* Sources */,
				DA8F9CBF1DE5C92D0050A1EE /* Frameworks */,
				DA8F9CC01DE5C92D0050A1EE /* Resources */,
			);
			buildRules = (
			);
			dependencies = (
			);
			name = CDZImagePickerDemo;
			productName = CDZImagePickerDemo;
			productReference = DA8F9CC21DE5C92D0050A1EE /* CDZImagePickerDemo.app */;
			productType = "com.apple.product-type.application";
		};
/* End PBXNativeTarget section */

/* Begin PBXProject section */
		DA8F9CBA1DE5C92D0050A1EE /* Project object */ = {
			isa = PBXProject;
			attributes = {
				LastUpgradeCheck = 0810;
				ORGANIZATIONNAME = Nemocdz;
				TargetAttributes = {
					DA8F9CC11DE5C92D0050A1EE = {
						CreatedOnToolsVersion = 8.1;
						DevelopmentTeam = 8HQ2P3SCVF;
						ProvisioningStyle = Automatic;
					};
				};
			};
			buildConfigurationList = DA8F9CBD1DE5C92D0050A1EE /* Build configuration list for PBXProject "CDZImagePickerDemo" */;
			compatibilityVersion = "Xcode 3.2";
			developmentRegion = English;
			hasScannedForEncodings = 0;
			knownRegions = (
				en,
				Base,
			);
			mainGroup = DA8F9CB91DE5C92D0050A1EE;
			productRefGroup = DA8F9CC31DE5C92D0050A1EE /* Products */;
			projectDirPath = "";
			projectRoot = "";
			targets = (
				DA8F9CC11DE5C92D0050A1EE /* CDZImagePickerDemo */,
			);
		};
/* End PBXProject section */

/* Begin PBXResourcesBuildPhase section */
		DA8F9CC01DE5C92D0050A1EE /* Resources */ = {
			isa = PBXResourcesBuildPhase;
			buildActionMask = 2147483647;
			files = (
				DA8F9CD51DE5C92D0050A1EE /* LaunchScreen.storyboard in Resources */,
				DA8F9CD21DE5C92D0050A1EE /* Assets.xcassets in Resources */,
				DA8F9CD01DE5C92D0050A1EE /* Main.storyboard in Resources */,
			);
			runOnlyForDeploymentPostprocessing = 0;
		};
/* End PBXResourcesBuildPhase section */

/* Begin PBXSourcesBuildPhase section */
		DA8F9CBE1DE5C92D0050A1EE /* Sources */ = {
			isa = PBXSourcesBuildPhase;
			buildActionMask = 2147483647;
			files = (
				DAB48B571E30D02800CF7F6C /* CDZImagePickerViewController.m in Sources */,
				DA8F9CCD1DE5C92D0050A1EE /* ViewController.m in Sources */,
				DAB48B521E30D02800CF7F6C /* CDZImagePickerActionsCell.m in Sources */,
				DAB48B561E30D02800CF7F6C /* CDZImagePickerPhotosDataSource.m in Sources */,
				DAB48B541E30D02800CF7F6C /* CDZImagePickerActionsItem.m in Sources */,
				DAB48B551E30D02800CF7F6C /* CDZImagePickerPhotosCell.m in Sources */,
				DAB48B531E30D02800CF7F6C /* CDZImagePickerActionsDataSource.m in Sources */,
				DA8F9CCA1DE5C92D0050A1EE /* AppDelegate.m in Sources */,
				DA8F9CC71DE5C92D0050A1EE /* main.m in Sources */,
			);
			runOnlyForDeploymentPostprocessing = 0;
		};
/* End PBXSourcesBuildPhase section */

/* Begin PBXVariantGroup section */
		DA8F9CCE1DE5C92D0050A1EE /* Main.storyboard */ = {
			isa = PBXVariantGroup;
			children = (
				DA8F9CCF1DE5C92D0050A1EE /* Base */,
			);
			name = Main.storyboard;
			sourceTree = "<group>";
		};
		DA8F9CD31DE5C92D0050A1EE /* LaunchScreen.storyboard */ = {
			isa = PBXVariantGroup;
			children = (
				DA8F9CD41DE5C92D0050A1EE /* Base */,
			);
			name = LaunchScreen.storyboard;
			sourceTree = "<group>";
		};
/* End PBXVariantGroup section */

/* Begin XCBuildConfiguration section */
		DA8F9CD71DE5C92D0050A1EE /* Debug */ = {
			isa = XCBuildConfiguration;
			buildSettings = {
				ALWAYS_SEARCH_USER_PATHS = NO;
				CLANG_ANALYZER_NONNULL = YES;
				CLANG_CXX_LANGUAGE_STANDARD = "gnu++0x";
				CLANG_CXX_LIBRARY = "libc++";
				CLANG_ENABLE_MODULES = YES;
				CLANG_ENABLE_OBJC_ARC = YES;
				CLANG_WARN_BOOL_CONVERSION = YES;
				CLANG_WARN_CONSTANT_CONVERSION = YES;
				CLANG_WARN_DIRECT_OBJC_ISA_USAGE = YES_ERROR;
				CLANG_WARN_DOCUMENTATION_COMMENTS = YES;
				CLANG_WARN_EMPTY_BODY = YES;
				CLANG_WARN_ENUM_CONVERSION = YES;
				CLANG_WARN_INFINITE_RECURSION = YES;
				CLANG_WARN_INT_CONVERSION = YES;
				CLANG_WARN_OBJC_ROOT_CLASS = YES_ERROR;
				CLANG_WARN_SUSPICIOUS_MOVES = YES;
				CLANG_WARN_UNREACHABLE_CODE = YES;
				CLANG_WARN__DUPLICATE_METHOD_MATCH = YES;
				"CODE_SIGN_IDENTITY[sdk=iphoneos*]" = "iPhone Developer";
				COPY_PHASE_STRIP = NO;
				DEBUG_INFORMATION_FORMAT = dwarf;
				ENABLE_STRICT_OBJC_MSGSEND = YES;
				ENABLE_TESTABILITY = YES;
				GCC_C_LANGUAGE_STANDARD = gnu99;
				GCC_DYNAMIC_NO_PIC = NO;
				GCC_NO_COMMON_BLOCKS = YES;
				GCC_OPTIMIZATION_LEVEL = 0;
				GCC_PREPROCESSOR_DEFINITIONS = (
					"DEBUG=1",
					"$(inherited)",
				);
				GCC_WARN_64_TO_32_BIT_CONVERSION = YES;
				GCC_WARN_ABOUT_RETURN_TYPE = YES_ERROR;
				GCC_WARN_UNDECLARED_SELECTOR = YES;
				GCC_WARN_UNINITIALIZED_AUTOS = YES_AGGRESSIVE;
				GCC_WARN_UNUSED_FUNCTION = YES;
				GCC_WARN_UNUSED_VARIABLE = YES;
				IPHONEOS_DEPLOYMENT_TARGET = 10.1;
				MTL_ENABLE_DEBUG_INFO = YES;
				ONLY_ACTIVE_ARCH = YES;
				SDKROOT = iphoneos;
			};
			name = Debug;
		};
		DA8F9CD81DE5C92D0050A1EE /* Release */ = {
			isa = XCBuildConfiguration;
			buildSettings = {
				ALWAYS_SEARCH_USER_PATHS = NO;
				CLANG_ANALYZER_NONNULL = YES;
				CLANG_CXX_LANGUAGE_STANDARD = "gnu++0x";
				CLANG_CXX_LIBRARY = "libc++";
				CLANG_ENABLE_MODULES = YES;
				CLANG_ENABLE_OBJC_ARC = YES;
				CLANG_WARN_BOOL_CONVERSION = YES;
				CLANG_WARN_CONSTANT_CONVERSION = YES;
				CLANG_WARN_DIRECT_OBJC_ISA_USAGE = YES_ERROR;
				CLANG_WARN_DOCUMENTATION_COMMENTS = YES;
				CLANG_WARN_EMPTY_BODY = YES;
				CLANG_WARN_ENUM_CONVERSION = YES;
				CLANG_WARN_INFINITE_RECURSION = YES;
				CLANG_WARN_INT_CONVERSION = YES;
				CLANG_WARN_OBJC_ROOT_CLASS = YES_ERROR;
				CLANG_WARN_SUSPICIOUS_MOVES = YES;
				CLANG_WARN_UNREACHABLE_CODE = YES;
				CLANG_WARN__DUPLICATE_METHOD_MATCH = YES;
				"CODE_SIGN_IDENTITY[sdk=iphoneos*]" = "iPhone Developer";
				COPY_PHASE_STRIP = NO;
				DEBUG_INFORMATION_FORMAT = "dwarf-with-dsym";
				ENABLE_NS_ASSERTIONS = NO;
				ENABLE_STRICT_OBJC_MSGSEND = YES;
				GCC_C_LANGUAGE_STANDARD = gnu99;
				GCC_NO_COMMON_BLOCKS = YES;
				GCC_WARN_64_TO_32_BIT_CONVERSION = YES;
				GCC_WARN_ABOUT_RETURN_TYPE = YES_ERROR;
				GCC_WARN_UNDECLARED_SELECTOR = YES;
				GCC_WARN_UNINITIALIZED_AUTOS = YES_AGGRESSIVE;
				GCC_WARN_UNUSED_FUNCTION = YES;
				GCC_WARN_UNUSED_VARIABLE = YES;
				IPHONEOS_DEPLOYMENT_TARGET = 10.1;
				MTL_ENABLE_DEBUG_INFO = NO;
				SDKROOT = iphoneos;
				VALIDATE_PRODUCT = YES;
			};
			name = Release;
		};
		DA8F9CDA1DE5C92D0050A1EE /* Debug */ = {
			isa = XCBuildConfiguration;
			buildSettings = {
				ASSETCATALOG_COMPILER_APPICON_NAME = AppIcon;
				DEVELOPMENT_TEAM = 8HQ2P3SCVF;
				INFOPLIST_FILE = CDZImagePickerDemo/Info.plist;
				LD_RUNPATH_SEARCH_PATHS = "$(inherited) @executable_path/Frameworks";
				PRODUCT_BUNDLE_IDENTIFIER = nemocdz.CDZImagePickerDemo;
				PRODUCT_NAME = "$(TARGET_NAME)";
			};
			name = Debug;
		};
		DA8F9CDB1DE5C92D0050A1EE /* Release */ = {
			isa = XCBuildConfiguration;
			buildSettings = {
				ASSETCATALOG_COMPILER_APPICON_NAME = AppIcon;
				DEVELOPMENT_TEAM = 8HQ2P3SCVF;
				INFOPLIST_FILE = CDZImagePickerDemo/Info.plist;
				LD_RUNPATH_SEARCH_PATHS = "$(inherited) @executable_path/Frameworks";
				PRODUCT_BUNDLE_IDENTIFIER = nemocdz.CDZImagePickerDemo;
				PRODUCT_NAME = "$(TARGET_NAME)";
			};
			name = Release;
		};
/* End XCBuildConfiguration section */

/* Begin XCConfigurationList section */
		DA8F9CBD1DE5C92D0050A1EE /* Build configuration list for PBXProject "CDZImagePickerDemo" */ = {
			isa = XCConfigurationList;
			buildConfigurations = (
				DA8F9CD71DE5C92D0050A1EE /* Debug */,
				DA8F9CD81DE5C92D0050A1EE /* Release */,
			);
			defaultConfigurationIsVisible = 0;
			defaultConfigurationName = Release;
		};
		DA8F9CD91DE5C92D0050A1EE /* Build configuration list for PBXNativeTarget "CDZImagePickerDemo" */ = {
			isa = XCConfigurationList;
			buildConfigurations = (
				DA8F9CDA1DE5C92D0050A1EE /* Debug */,
				DA8F9CDB1DE5C92D0050A1EE /* Release */,
			);
			defaultConfigurationIsVisible = 0;
			defaultConfigurationName = Release;
		};
/* End XCConfigurationList section */
	};
	rootObject = DA8F9CBA1DE5C92D0050A1EE /* Project object */;
}
